<?xml version="1.0" encoding="UTF-8" standalone="yes" ?>
<CodeBlocks_project_file>
	<FileVersion major="1" minor="6" />
	<Project>
		<Option title="v4" />
		<Option pch_mode="2" />
		<Option compiler="gcc" />
		<Build>
			<Target title="Debug">
				<Option output="bin/Debug/v4" prefix_auto="1" extension_auto="1" />
				<Option object_output="obj/Debug/" />
				<Option type="1" />
				<Option compiler="gcc" />
				<Compiler>
					<Add option="-g" />
				</Compiler>
			</Target>
			<Target title="Release">
				<Option output="bin/Release/v4" prefix_auto="1" extension_auto="1" />
				<Option object_output="obj/Release/" />
				<Option type="1" />
				<Option compiler="gcc" />
				<Compiler>
					<Add option="-O2" />
				</Compiler>
				<Linker>
					<Add option="-s" />
				</Linker>
			</Target>
		</Build>
		<Compiler>
			<Add option="-Wall" />
			<Add directory="." />
			<Add directory="../base_c" />
			<Add directory="../base_h" />
		</Compiler>
		<Unit filename="../base_c/atvertex.c">
			<Option compilerVar="CC" />
		</Unit>
		<Unit filename="../base_c/errors.c">
			<Option compilerVar="CC" />
		</Unit>
		<Unit filename="../base_c/nasreader.c">
			<Option compilerVar="CC" />
		</Unit>
		<Unit filename="../base_c/neighbour.c">
			<Option compilerVar="CC" />
		</Unit>
		<Unit filename="../base_c/vector.c">
			<Option compilerVar="CC" />
		</Unit>
		<Unit filename="../base_h/atvertex.h" />
		<Unit filename="../base_h/common.h" />
		<Unit filename="../base_h/errors.h" />
		<Unit filename="../base_h/nasreader.h" />
		<Unit filename="../base_h/neighbour.h" />
		<Unit filename="../base_h/vector.h" />
		<Unit filename="main.c">
			<Option compilerVar="CC" />
		</Unit>
		<Unit filename="tetranet.c">
			<Option compilerVar="CC" />
		</Unit>
		<Unit filename="tetranet.h" />
		<Extensions>
			<code_completion />
			<envvars />
			<lib_finder disable_auto="1" />
			<debugger />
		</Extensions>
	</Project>
</CodeBlocks_project_file>
