<?xml version="1.0" encoding="UTF-8" standalone="yes" ?>
<CodeBlocks_project_file>
	<FileVersion major="1" minor="6" />
	<Project>
		<Option title="v5y" />
		<Option pch_mode="2" />
		<Option compiler="gcc" />
		<Build>
			<Target title="Debug">
				<Option output="bin/Debug/v5y" prefix_auto="1" extension_auto="1" />
				<Option object_output="obj/Debug/" />
				<Option type="1" />
				<Option compiler="gcc" />
				<Option parameters="../data/fuvoka_640000_mod.bdf ../data/szivocso_vol_tetra_hm.nas ../data/teszt.nas" />
				<Compiler>
					<Add option="-pg" />
					<Add option="-g" />
				</Compiler>
				<Linker>
					<Add option="-pg" />
				</Linker>
			</Target>
			<Target title="Release">
				<Option output="bin/Release/v5y" prefix_auto="1" extension_auto="1" />
				<Option object_output="obj/Release/" />
				<Option type="1" />
				<Option compiler="gcc" />
				<Option parameters="../data/fuvoka_640000_mod.bdf ../data/szivocso_vol_tetra_hm.nas ../data/teszt.nas" />
				<Compiler>
					<Add option="-O3" />
					<Add option="-march=native" />
					<Add option="-fprefetch-loop-arrays" />
					<Add option="-funroll-loops" />
					<Add option="-ffast-math" />
				</Compiler>
				<Linker>
					<Add option="-s" />
				</Linker>
			</Target>
		</Build>
		<Compiler>
			<Add directory="." />
			<Add directory="../base" />
		</Compiler>
		<Unit filename="../base/atvertex.c">
			<Option compilerVar="CC" />
		</Unit>
		<Unit filename="../base/atvertex.h" />
		<Unit filename="../base/common.c">
			<Option compilerVar="CC" />
		</Unit>
		<Unit filename="../base/common.h" />
		<Unit filename="../base/errors.c">
			<Option compilerVar="CC" />
		</Unit>
		<Unit filename="../base/errors.h" />
		<Unit filename="../base/main.c">
			<Option compilerVar="CC" />
		</Unit>
		<Unit filename="../base/nasreader.c">
			<Option compilerVar="CC" />
		</Unit>
		<Unit filename="../base/nasreader.h" />
		<Unit filename="../base/nearestp.c">
			<Option compilerVar="CC" />
		</Unit>
		<Unit filename="../base/nearestp.h" />
		<Unit filename="../base/neighbour.c">
			<Option compilerVar="CC" />
		</Unit>
		<Unit filename="../base/neighbour.h" />
		<Unit filename="../base/testcase.c">
			<Option compilerVar="CC" />
		</Unit>
		<Unit filename="../base/testcase.h" />
		<Unit filename="../base/vector.c">
			<Option compilerVar="CC" />
		</Unit>
		<Unit filename="../base/vector.h" />
		<Unit filename="tetranet.c">
			<Option compilerVar="CC" />
		</Unit>
		<Unit filename="tetranet.h" />
		<Extensions>
			<code_completion />
			<envvars />
			<lib_finder disable_auto="1" />
			<debugger />
		</Extensions>
	</Project>
</CodeBlocks_project_file>
